
Microsoft Visual Studio Solution File, Format Version 12.00
# Visual Studio Version 17
VisualStudioVersion = 17.0.32014.148
MinimumVisualStudioVersion = 10.0.40219.1
Project("{9A19103F-16F7-4668-BE54-9A1E7A4F7556}") = "EGIS.ShapeFileLib", "egis.ShapeFileLib\EGIS.ShapeFileLib.csproj", "{C89DEB9B-4DCA-4792-B216-F00808606AF7}"
EndProject
Project("{9A19103F-16F7-4668-BE54-9A1E7A4F7556}") = "EGIS.Controls", "egis.controls\EGIS.Controls.csproj", "{EB97525D-0906-4A14-A995-93667B565521}"
EndProject
Project("{9A19103F-16F7-4668-BE54-9A1E7A4F7556}") = "EGIS.Projections", "EGIS.Projections\EGIS.Projections.csproj", "{9B3D02D0-D57D-4E7D-A04C-9DDCB36F0CE7}"
EndProject
Project("{9A19103F-16F7-4668-BE54-9A1E7A4F7556}") = "UnitTests.Net6", "UnitTests.Net6\UnitTests.Net6.csproj", "{AA9B6017-634D-41A3-BF2E-AE98744DAAD7}"
EndProject
Project("{FAE04EC0-301F-11D3-BF4B-00C04F79EFBC}") = "TestNet6", "TestNet6\TestNet6.csproj", "{423696D5-6952-489C-95ED-88CB622287B7}"
EndProject
Project("{FAE04EC0-301F-11D3-BF4B-00C04F79EFBC}") = "TestNet8", "TestNet8\TestNet8.csproj", "{7A6ED1C5-C6E6-40BF-A354-E0F16A45E0DC}"
EndProject
Project("{FAE04EC0-301F-11D3-BF4B-00C04F79EFBC}") = "egisNet8", "ShapeFileTools\egisNet8.csproj", "{F57A692B-88B1-4DD5-B344-075BF29DFDCC}"
EndProject
Project("{FAE04EC0-301F-11D3-BF4B-00C04F79EFBC}") = "UnitTests.Net8", "UnitTests.Net8\UnitTests.Net8.csproj", "{40922C56-5EC1-47B7-996D-7A79AD38FA51}"
EndProject
Global
	GlobalSection(SolutionConfigurationPlatforms) = preSolution
		Debug|Any CPU = Debug|Any CPU
		Debug|x64 = Debug|x64
		Debug|x86 = Debug|x86
		Release|Any CPU = Release|Any CPU
		Release|x64 = Release|x64
		Release|x86 = Release|x86
	EndGlobalSection
	GlobalSection(ProjectConfigurationPlatforms) = postSolution
		{C89DEB9B-4DCA-4792-B216-F00808606AF7}.Debug|Any CPU.ActiveCfg = Debug|Any CPU
		{C89DEB9B-4DCA-4792-B216-F00808606AF7}.Debug|Any CPU.Build.0 = Debug|Any CPU
		{C89DEB9B-4DCA-4792-B216-F00808606AF7}.Debug|x64.ActiveCfg = Debug|Any CPU
		{C89DEB9B-4DCA-4792-B216-F00808606AF7}.Debug|x64.Build.0 = Debug|Any CPU
		{C89DEB9B-4DCA-4792-B216-F00808606AF7}.Debug|x86.ActiveCfg = Debug|Any CPU
		{C89DEB9B-4DCA-4792-B216-F00808606AF7}.Debug|x86.Build.0 = Debug|Any CPU
		{C89DEB9B-4DCA-4792-B216-F00808606AF7}.Release|Any CPU.ActiveCfg = Release|Any CPU
		{C89DEB9B-4DCA-4792-B216-F00808606AF7}.Release|Any CPU.Build.0 = Release|Any CPU
		{C89DEB9B-4DCA-4792-B216-F00808606AF7}.Release|x64.ActiveCfg = Release|Any CPU
		{C89DEB9B-4DCA-4792-B216-F00808606AF7}.Release|x64.Build.0 = Release|Any CPU
		{C89DEB9B-4DCA-4792-B216-F00808606AF7}.Release|x86.ActiveCfg = Release|Any CPU
		{C89DEB9B-4DCA-4792-B216-F00808606AF7}.Release|x86.Build.0 = Release|Any CPU
		{EB97525D-0906-4A14-A995-93667B565521}.Debug|Any CPU.ActiveCfg = Debug|Any CPU
		{EB97525D-0906-4A14-A995-93667B565521}.Debug|Any CPU.Build.0 = Debug|Any CPU
		{EB97525D-0906-4A14-A995-93667B565521}.Debug|x64.ActiveCfg = Debug|Any CPU
		{EB97525D-0906-4A14-A995-93667B565521}.Debug|x64.Build.0 = Debug|Any CPU
		{EB97525D-0906-4A14-A995-93667B565521}.Debug|x86.ActiveCfg = Debug|Any CPU
		{EB97525D-0906-4A14-A995-93667B565521}.Debug|x86.Build.0 = Debug|Any CPU
		{EB97525D-0906-4A14-A995-93667B565521}.Release|Any CPU.ActiveCfg = Release|Any CPU
		{EB97525D-0906-4A14-A995-93667B565521}.Release|Any CPU.Build.0 = Release|Any CPU
		{EB97525D-0906-4A14-A995-93667B565521}.Release|x64.ActiveCfg = Release|Any CPU
		{EB97525D-0906-4A14-A995-93667B565521}.Release|x64.Build.0 = Release|Any CPU
		{EB97525D-0906-4A14-A995-93667B565521}.Release|x86.ActiveCfg = Release|Any CPU
		{EB97525D-0906-4A14-A995-93667B565521}.Release|x86.Build.0 = Release|Any CPU
		{9B3D02D0-D57D-4E7D-A04C-9DDCB36F0CE7}.Debug|Any CPU.ActiveCfg = Debug|Any CPU
		{9B3D02D0-D57D-4E7D-A04C-9DDCB36F0CE7}.Debug|Any CPU.Build.0 = Debug|Any CPU
		{9B3D02D0-D57D-4E7D-A04C-9DDCB36F0CE7}.Debug|x64.ActiveCfg = Debug|Any CPU
		{9B3D02D0-D57D-4E7D-A04C-9DDCB36F0CE7}.Debug|x64.Build.0 = Debug|Any CPU
		{9B3D02D0-D57D-4E7D-A04C-9DDCB36F0CE7}.Debug|x86.ActiveCfg = Debug|Any CPU
		{9B3D02D0-D57D-4E7D-A04C-9DDCB36F0CE7}.Debug|x86.Build.0 = Debug|Any CPU
		{9B3D02D0-D57D-4E7D-A04C-9DDCB36F0CE7}.Release|Any CPU.ActiveCfg = Release|Any CPU
		{9B3D02D0-D57D-4E7D-A04C-9DDCB36F0CE7}.Release|Any CPU.Build.0 = Release|Any CPU
		{9B3D02D0-D57D-4E7D-A04C-9DDCB36F0CE7}.Release|x64.ActiveCfg = Release|Any CPU
		{9B3D02D0-D57D-4E7D-A04C-9DDCB36F0CE7}.Release|x64.Build.0 = Release|Any CPU
		{9B3D02D0-D57D-4E7D-A04C-9DDCB36F0CE7}.Release|x86.ActiveCfg = Release|Any CPU
		{9B3D02D0-D57D-4E7D-A04C-9DDCB36F0CE7}.Release|x86.Build.0 = Release|Any CPU
		{AA9B6017-634D-41A3-BF2E-AE98744DAAD7}.Debug|Any CPU.ActiveCfg = Debug|Any CPU
		{AA9B6017-634D-41A3-BF2E-AE98744DAAD7}.Debug|Any CPU.Build.0 = Debug|Any CPU
		{AA9B6017-634D-41A3-BF2E-AE98744DAAD7}.Debug|x64.ActiveCfg = Debug|Any CPU
		{AA9B6017-634D-41A3-BF2E-AE98744DAAD7}.Debug|x64.Build.0 = Debug|Any CPU
		{AA9B6017-634D-41A3-BF2E-AE98744DAAD7}.Debug|x86.ActiveCfg = Debug|Any CPU
		{AA9B6017-634D-41A3-BF2E-AE98744DAAD7}.Debug|x86.Build.0 = Debug|Any CPU
		{AA9B6017-634D-41A3-BF2E-AE98744DAAD7}.Release|Any CPU.ActiveCfg = Release|Any CPU
		{AA9B6017-634D-41A3-BF2E-AE98744DAAD7}.Release|Any CPU.Build.0 = Release|Any CPU
		{AA9B6017-634D-41A3-BF2E-AE98744DAAD7}.Release|x64.ActiveCfg = Release|Any CPU
		{AA9B6017-634D-41A3-BF2E-AE98744DAAD7}.Release|x64.Build.0 = Release|Any CPU
		{AA9B6017-634D-41A3-BF2E-AE98744DAAD7}.Release|x86.ActiveCfg = Release|Any CPU
		{AA9B6017-634D-41A3-BF2E-AE98744DAAD7}.Release|x86.Build.0 = Release|Any CPU
		{423696D5-6952-489C-95ED-88CB622287B7}.Debug|Any CPU.ActiveCfg = Debug|Any CPU
		{423696D5-6952-489C-95ED-88CB622287B7}.Debug|Any CPU.Build.0 = Debug|Any CPU
		{423696D5-6952-489C-95ED-88CB622287B7}.Debug|x64.ActiveCfg = Debug|Any CPU
		{423696D5-6952-489C-95ED-88CB622287B7}.Debug|x64.Build.0 = Debug|Any CPU
		{423696D5-6952-489C-95ED-88CB622287B7}.Debug|x86.ActiveCfg = Debug|Any CPU
		{423696D5-6952-489C-95ED-88CB622287B7}.Debug|x86.Build.0 = Debug|Any CPU
		{423696D5-6952-489C-95ED-88CB622287B7}.Release|Any CPU.ActiveCfg = Release|Any CPU
		{423696D5-6952-489C-95ED-88CB622287B7}.Release|Any CPU.Build.0 = Release|Any CPU
		{423696D5-6952-489C-95ED-88CB622287B7}.Release|x64.ActiveCfg = Release|Any CPU
		{423696D5-6952-489C-95ED-88CB622287B7}.Release|x64.Build.0 = Release|Any CPU
		{423696D5-6952-489C-95ED-88CB622287B7}.Release|x86.ActiveCfg = Release|Any CPU
		{423696D5-6952-489C-95ED-88CB622287B7}.Release|x86.Build.0 = Release|Any CPU
		{7A6ED1C5-C6E6-40BF-A354-E0F16A45E0DC}.Debug|Any CPU.ActiveCfg = Debug|Any CPU
		{7A6ED1C5-C6E6-40BF-A354-E0F16A45E0DC}.Debug|Any CPU.Build.0 = Debug|Any CPU
		{7A6ED1C5-C6E6-40BF-A354-E0F16A45E0DC}.Debug|x64.ActiveCfg = Debug|x64
		{7A6ED1C5-C6E6-40BF-A354-E0F16A45E0DC}.Debug|x64.Build.0 = Debug|x64
		{7A6ED1C5-C6E6-40BF-A354-E0F16A45E0DC}.Debug|x86.ActiveCfg = Debug|Any CPU
		{7A6ED1C5-C6E6-40BF-A354-E0F16A45E0DC}.Debug|x86.Build.0 = Debug|Any CPU
		{7A6ED1C5-C6E6-40BF-A354-E0F16A45E0DC}.Release|Any CPU.ActiveCfg = Release|Any CPU
		{7A6ED1C5-C6E6-40BF-A354-E0F16A45E0DC}.Release|Any CPU.Build.0 = Release|Any CPU
		{7A6ED1C5-C6E6-40BF-A354-E0F16A45E0DC}.Release|x64.ActiveCfg = Release|Any CPU
		{7A6ED1C5-C6E6-40BF-A354-E0F16A45E0DC}.Release|x64.Build.0 = Release|Any CPU
		{7A6ED1C5-C6E6-40BF-A354-E0F16A45E0DC}.Release|x86.ActiveCfg = Release|Any CPU
		{7A6ED1C5-C6E6-40BF-A354-E0F16A45E0DC}.Release|x86.Build.0 = Release|Any CPU
		{F57A692B-88B1-4DD5-B344-075BF29DFDCC}.Debug|Any CPU.ActiveCfg = Debug|Any CPU
		{F57A692B-88B1-4DD5-B344-075BF29DFDCC}.Debug|Any CPU.Build.0 = Debug|Any CPU
		{F57A692B-88B1-4DD5-B344-075BF29DFDCC}.Debug|x64.ActiveCfg = Debug|Any CPU
		{F57A692B-88B1-4DD5-B344-075BF29DFDCC}.Debug|x64.Build.0 = Debug|Any CPU
		{F57A692B-88B1-4DD5-B344-075BF29DFDCC}.Debug|x86.ActiveCfg = Debug|Any CPU
		{F57A692B-88B1-4DD5-B344-075BF29DFDCC}.Debug|x86.Build.0 = Debug|Any CPU
		{F57A692B-88B1-4DD5-B344-075BF29DFDCC}.Release|Any CPU.ActiveCfg = Release|Any CPU
		{F57A692B-88B1-4DD5-B344-075BF29DFDCC}.Release|Any CPU.Build.0 = Release|Any CPU
		{F57A692B-88B1-4DD5-B344-075BF29DFDCC}.Release|x64.ActiveCfg = Release|Any CPU
		{F57A692B-88B1-4DD5-B344-075BF29DFDCC}.Release|x64.Build.0 = Release|Any CPU
		{F57A692B-88B1-4DD5-B344-075BF29DFDCC}.Release|x86.ActiveCfg = Release|Any CPU
		{F57A692B-88B1-4DD5-B344-075BF29DFDCC}.Release|x86.Build.0 = Release|Any CPU
		{40922C56-5EC1-47B7-996D-7A79AD38FA51}.Debug|Any CPU.ActiveCfg = Debug|Any CPU
		{40922C56-5EC1-47B7-996D-7A79AD38FA51}.Debug|Any CPU.Build.0 = Debug|Any CPU
		{40922C56-5EC1-47B7-996D-7A79AD38FA51}.Debug|x64.ActiveCfg = Debug|Any CPU
		{40922C56-5EC1-47B7-996D-7A79AD38FA51}.Debug|x64.Build.0 = Debug|Any CPU
		{40922C56-5EC1-47B7-996D-7A79AD38FA51}.Debug|x86.ActiveCfg = Debug|Any CPU
		{40922C56-5EC1-47B7-996D-7A79AD38FA51}.Debug|x86.Build.0 = Debug|Any CPU
		{40922C56-5EC1-47B7-996D-7A79AD38FA51}.Release|Any CPU.ActiveCfg = Release|Any CPU
		{40922C56-5EC1-47B7-996D-7A79AD38FA51}.Release|Any CPU.Build.0 = Release|Any CPU
		{40922C56-5EC1-47B7-996D-7A79AD38FA51}.Release|x64.ActiveCfg = Release|Any CPU
		{40922C56-5EC1-47B7-996D-7A79AD38FA51}.Release|x64.Build.0 = Release|Any CPU
		{40922C56-5EC1-47B7-996D-7A79AD38FA51}.Release|x86.ActiveCfg = Release|Any CPU
		{40922C56-5EC1-47B7-996D-7A79AD38FA51}.Release|x86.Build.0 = Release|Any CPU
	EndGlobalSection
	GlobalSection(SolutionProperties) = preSolution
		HideSolutionNode = FALSE
	EndGlobalSection
	GlobalSection(ExtensibilityGlobals) = postSolution
		SolutionGuid = {60B36582-ED97-4BA9-B1F1-FC4A3E293696}
	EndGlobalSection
EndGlobal
